
Microsoft Visual Studio Solution File, Format Version 12.00
# Visual Studio Version 17
VisualStudioVersion = 17.6.33829.357
MinimumVisualStudioVersion = 10.0.40219.1
Project("{FAE04EC0-301F-11D3-BF4B-00C04F79EFBC}") = "Core_API_APIKey", "Core_API_APIKey.csproj", "{EEB443F0-F33A-47D6-8796-E8AB6516D2FB}"
EndProject
Global
	GlobalSection(SolutionConfigurationPlatforms) = preSolution
		Debug|Any CPU = Debug|Any CPU
		Release|Any CPU = Release|Any CPU
	EndGlobalSection
	GlobalSection(ProjectConfigurationPlatforms) = postSolution
		{EEB443F0-F33A-47D6-8796-E8AB6516D2FB}.Debug|Any CPU.ActiveCfg = Debug|Any CPU
		{EEB443F0-F33A-47D6-8796-E8AB6516D2FB}.Debug|Any CPU.Build.0 = Debug|Any CPU
		{EEB443F0-F33A-47D6-8796-E8AB6516D2FB}.Release|Any CPU.ActiveCfg = Release|Any CPU
		{EEB443F0-F33A-47D6-8796-E8AB6516D2FB}.Release|Any CPU.Build.0 = Release|Any CPU
	EndGlobalSection
	GlobalSection(SolutionProperties) = preSolution
		HideSolutionNode = FALSE
	EndGlobalSection
	GlobalSection(ExtensibilityGlobals) = postSolution
		SolutionGuid = {8886FA08-F695-4F50-AA8E-872D5E9B9DD4}
	EndGlobalSection
EndGlobal
